
Microsoft Visual Studio Solution File, Format Version 12.00
# Visual Studio Version 16
VisualStudioVersion = 16.0.29324.140
MinimumVisualStudioVersion = 10.0.40219.1
Project("{FAE04EC0-301F-11D3-BF4B-00C04F79EFBC}") = "Shield Wall", "Shield Wall.csproj", "{3D7C57A8-8386-4DCA-89B1-B80538BF795A}"
EndProject
Global
	GlobalSection(SolutionConfigurationPlatforms) = preSolution
		Debug|Any CPU = Debug|Any CPU
		Release|Any CPU = Release|Any CPU
	EndGlobalSection
	GlobalSection(ProjectConfigurationPlatforms) = postSolution
		{3D7C57A8-8386-4DCA-89B1-B80538BF795A}.Debug|Any CPU.ActiveCfg = Debug|Any CPU
		{3D7C57A8-8386-4DCA-89B1-B80538BF795A}.Debug|Any CPU.Build.0 = Debug|Any CPU
		{3D7C57A8-8386-4DCA-89B1-B80538BF795A}.Release|Any CPU.ActiveCfg = Release|Any CPU
		{3D7C57A8-8386-4DCA-89B1-B80538BF795A}.Release|Any CPU.Build.0 = Release|Any CPU
	EndGlobalSection
	GlobalSection(SolutionProperties) = preSolution
		HideSolutionNode = FALSE
	EndGlobalSection
	GlobalSection(ExtensibilityGlobals) = postSolution
		SolutionGuid = {803B0736-D7E3-4725-A643-080E5E5290B5}
	EndGlobalSection
EndGlobal
